
Microsoft Visual Studio Solution File, Format Version 12.00
# Visual Studio Version 17
VisualStudioVersion = 17.3.32929.385
MinimumVisualStudioVersion = 10.0.40219.1
Project("{FAE04EC0-301F-11D3-BF4B-00C04F79EFBC}") = "HW9_Program1", "HW9_Program1\HW9_Program1.csproj", "{D1BE6D87-B52F-4B81-8C87-342A815AAF8D}"
EndProject
Global
	GlobalSection(SolutionConfigurationPlatforms) = preSolution
		Debug|Any CPU = Debug|Any CPU
		Release|Any CPU = Release|Any CPU
	EndGlobalSection
	GlobalSection(ProjectConfigurationPlatforms) = postSolution
		{D1BE6D87-B52F-4B81-8C87-342A815AAF8D}.Debug|Any CPU.ActiveCfg = Debug|Any CPU
		{D1BE6D87-B52F-4B81-8C87-342A815AAF8D}.Debug|Any CPU.Build.0 = Debug|Any CPU
		{D1BE6D87-B52F-4B81-8C87-342A815AAF8D}.Release|Any CPU.ActiveCfg = Release|Any CPU
		{D1BE6D87-B52F-4B81-8C87-342A815AAF8D}.Release|Any CPU.Build.0 = Release|Any CPU
	EndGlobalSection
	GlobalSection(SolutionProperties) = preSolution
		HideSolutionNode = FALSE
	EndGlobalSection
	GlobalSection(ExtensibilityGlobals) = postSolution
		SolutionGuid = {3395C52F-CDF9-4A65-916F-1DF2CB1B1CE4}
	EndGlobalSection
EndGlobal
